{
	"originHash" : "07219fc4d25623e2e38445cf7230d82dfddf72b3696f83a7b8df5d8918f61c58",
	"pins" : [
		{
			"identity" : "bigint",
			"kind" : "remoteSourceControl",
			"location" : "https://github.com/attaswift/BigInt",
			"state" : {
				"revision" : "63feef7820abb1a8fb08587d7da56bb0b7db8751",
				"version" : "6.0.1"
			}
		},
		{
			"identity" : "chronometer",
			"kind" : "remoteSourceControl",
			"location" : "https://github.com/KittyMac/Chronometer",
			"state" : {
				"revision" : "99d4f4137837a28e1e294eb69ac66ad53c0934d3",
				"version" : "0.1.14"
			}
		},
		{
			"identity" : "gram",
			"kind" : "remoteSourceControl",
			"location" : "https://github.com/rarestype/gram",
			"state" : {
				"revision" : "1ac5c79ea3a078b5d84e69664e0a3c9d92ec23b5",
				"version" : "2.1.0"
			}
		},
		{
			"identity" : "hitch",
			"kind" : "remoteSourceControl",
			"location" : "https://github.com/KittyMac/Hitch",
			"state" : {
				"revision" : "9f18510885ce8fbf925f120f0ce28672bc9a7eaa",
				"version" : "0.4.160"
			}
		},
		{
			"identity" : "sextant",
			"kind" : "remoteSourceControl",
			"location" : "https://github.com/KittyMac/Sextant",
			"state" : {
				"revision" : "960ac266012fecd98f93dcf64b0dd4fdb3753f26",
				"version" : "0.4.41"
			}
		},
		{
			"identity" : "spanker",
			"kind" : "remoteSourceControl",
			"location" : "https://github.com/KittyMac/Spanker",
			"state" : {
				"revision" : "28e3c419ebe1ef4b40f07f2e93c5941cd26f1347",
				"version" : "0.2.67"
			}
		},
		{
			"identity" : "swift-argument-parser",
			"kind" : "remoteSourceControl",
			"location" : "https://github.com/apple/swift-argument-parser",
			"state" : {
				"revision" : "6a52f3251125d74daf04fcbd5e6f08a75d074382",
				"version" : "1.8.2"
			}
		},
		{
			"identity" : "swift-collections",
			"kind" : "remoteSourceControl",
			"location" : "https://github.com/apple/swift-collections",
			"state" : {
				"revision" : "a0cb0954ecb21e4e31b0070e6ed5674e8556685a",
				"version" : "1.6.0"
			}
		},
		{
			"identity" : "swift-json",
			"kind" : "remoteSourceControl",
			"location" : "https://github.com/rarestype/swift-json",
			"state" : {
				"revision" : "aa48a9901a2d43b3b454c2a351f83c826456dbe2",
				"version" : "3.5.0"
			}
		},
		{
			"identity" : "swift-subprocess",
			"kind" : "remoteSourceControl",
			"location" : "https://github.com/swiftlang/swift-subprocess",
			"state" : {
				"revision" : "b3937ab85dd32f6e9435914599c1519074769c1a",
				"version" : "1.0.0"
			}
		},
		{
			"identity" : "swift-system",
			"kind" : "remoteSourceControl",
			"location" : "https://github.com/apple/swift-system",
			"state" : {
				"revision" : "869129b7bf4ecc57b97d0193ad29690ca2134750",
				"version" : "1.8.1"
			}
		},
		{
			"identity" : "swiftsoup",
			"kind" : "remoteSourceControl",
			"location" : "https://github.com/scinfu/SwiftSoup",
			"state" : {
				"revision" : "18b80329749eca5ea29fc50211dca5c7eff5bfec",
				"version" : "2.13.9"
			}
		}
	],
	"version" : 3
}
